schema: '2.0'
stages:
  data_ingestion:
    cmd: python src/data_ingestion.py
    deps:
    - path: src/data_ingestion.py
      hash: md5
      md5: 9a1ee41849dba9b4e42efa68789e3c89
      size: 2709
    outs:
    - path: artifacts/raw/
      hash: md5
      md5: adfb9f01a07ced01f71d76b2cc3d7908.dir
      size: 2442191
      nfiles: 666
  model_training:
    cmd: python src/model_training.py
    deps:
    - path: artifacts/raw/
      hash: md5
      md5: adfb9f01a07ced01f71d76b2cc3d7908.dir
      size: 2442191
      nfiles: 666
    - path: src/model_training.py
      hash: md5
      md5: 5626111b9af665a797b57080a3f1474d
      size: 6985
    outs:
    - path: artifacts/models/
      hash: md5
      md5: b463606a3c2d8e43786d2586409b4822.dir
      size: 4143271691
      nfiles: 25
